dependencies:
- name: auth
  repository: file://../auth
  version: 0.1.18
- name: crud
  repository: file://../crud
  version: 0.1.25
- name: deployments
  repository: file://../deployments
  version: 0.1.20
- name: projections
  repository: file://../projections
  version: 0.1.30
- name: streams
  repository: file://../streams
  version: 0.1.17
- name: sync
  repository: file://../sync
  version: 0.1.11
- name: imgproxy
  repository: https://helm.imgproxy.net/
  version: 0.8.34
digest: sha256:6fbb26e76a8d7f1a73aa0eab4f49480c45adb266577cc13d121fc173ee4f11e2
generated: "2025-09-08T18:22:51.99337+02:00"
