dependencies:
- name: auth
  repository: file://../auth
  version: 1.0.23
- name: crud
  repository: file://../crud
  version: 1.0.23
- name: deployments
  repository: file://../deployments
  version: 1.0.23
- name: projections
  repository: file://../projections
  version: 1.0.23
- name: streams
  repository: file://../streams
  version: 1.0.23
- name: sync
  repository: file://../sync
  version: 1.0.23
- name: imgproxy
  repository: https://helm.imgproxy.net/
  version: 0.8.34
digest: sha256:51c07bcede09a72b9eb379d1ce69035685b0f8339dedbdc02c99c8a3fa9e066c
generated: "2026-04-21T14:30:21.219296+02:00"
